// !$*UTF8*$!
{
	archiveVersion = 1;
	classes = {
	};
	objectVersion = 46;
	objects = {

/* Begin PBXBuildFile section */
		9BCF85CF1C11A45200240A51 /* AppDelegate.swift in Sources */ = {isa = PBXBuildFile; fileRef = 9BCF85CE1C11A45200240A51 /* AppDelegate.swift */; };
		9BCF85D11C11A45200240A51 /* ViewController.swift in Sources */ = {isa = PBXBuildFile; fileRef = 9BCF85D01C11A45200240A51 /* ViewController.swift */; };
		9BCF85D41C11A45200240A51 /* Main.storyboard in Resources */ = {isa = PBXBuildFile; fileRef = 9BCF85D21C11A45200240A51 /* Main.storyboard */; };
		9BCF85D61C11A45200240A51 /* Assets.xcassets in Resources */ = {isa = PBXBuildFile; fileRef = 9BCF85D51C11A45200240A51 /* Assets.xcassets */; };
		9BCF85D91C11A45200240A51 /* LaunchScreen.storyboard in Resources */ = {isa = PBXBuildFile; fileRef = 9BCF85D71C11A45200240A51 /* LaunchScreen.storyboard */; };
		9BCF85E41C11A45200240A51 /* myrondomTests.swift in Sources */ = {isa = PBXBuildFile; fileRef = 9BCF85E31C11A45200240A51 /* myrondomTests.swift */; };
		9BCF85EF1C11A45300240A51 /* myrondomUITests.swift in Sources */ = {isa = PBXBuildFile; fileRef = 9BCF85EE1C11A45300240A51 /* myrondomUITests.swift */; };
		9BCF86021C11A47700240A51 /* SwiftRandom.framework in Frameworks */ = {isa = PBXBuildFile; fileRef = 9BCF86011C11A46B00240A51 /* SwiftRandom.framework */; };
/* End PBXBuildFile section */

/* Begin PBXContainerItemProxy section */
		9BCF85E01C11A45200240A51 /* PBXContainerItemProxy */ = {
			isa = PBXContainerItemProxy;
			containerPortal = 9BCF85C31C11A45200240A51 /* Project object */;
			proxyType = 1;
			remoteGlobalIDString = 9BCF85CA1C11A45200240A51;
			remoteInfo = myrondom;
		};
		9BCF85EB1C11A45300240A51 /* PBXContainerItemProxy */ = {
			isa = PBXContainerItemProxy;
			containerPortal = 9BCF85C31C11A45200240A51 /* Project object */;
			proxyType = 1;
			remoteGlobalIDString = 9BCF85CA1C11A45200240A51;
			remoteInfo = myrondom;
		};
		9BCF86001C11A46B00240A51 /* PBXContainerItemProxy */ = {
			isa = PBXContainerItemProxy;
			containerPortal = 9BCF85FC1C11A46B00240A51 /* SwiftRandom.xcodeproj */;
			proxyType = 2;
			remoteGlobalIDString = B537B0CB1BCA9E3E005725CE;
			remoteInfo = "SwiftRandom-iOS";
		};
/* End PBXContainerItemProxy section */

/* Begin PBXFileReference section */
		9BCF85CB1C11A45200240A51 /* myrondom.app */ = {isa = PBXFileReference; explicitFileType = wrapper.application; includeInIndex = 0; path = myrondom.app; sourceTree = BUILT_PRODUCTS_DIR; };
		9BCF85CE1C11A45200240A51 /* AppDelegate.swift */ = {isa = PBXFileReference; lastKnownFileType = sourcecode.swift; path = AppDelegate.swift; sourceTree = "<group>"; };
		9BCF85D01C11A45200240A51 /* ViewController.swift */ = {isa = PBXFileReference; lastKnownFileType = sourcecode.swift; path = ViewController.swift; sourceTree = "<group>"; };
		9BCF85D31C11A45200240A51 /* Base */ = {isa = PBXFileReference; lastKnownFileType = file.storyboard; name = Base; path = Base.lproj/Main.storyboard; sourceTree = "<group>"; };
		9BCF85D51C11A45200240A51 /* Assets.xcassets */ = {isa = PBXFileReference; lastKnownFileType = folder.assetcatalog; path = Assets.xcassets; sourceTree = "<group>"; };
		9BCF85D81C11A45200240A51 /* Base */ = {isa = PBXFileReference; lastKnownFileType = file.storyboard; name = Base; path = Base.lproj/LaunchScreen.storyboard; sourceTree = "<group>"; };
		9BCF85DA1C11A45200240A51 /* Info.plist */ = {isa = PBXFileReference; lastKnownFileType = text.plist.xml; path = Info.plist; sourceTree = "<group>"; };
		9BCF85DF1C11A45200240A51 /* myrondomTests.xctest */ = {isa = PBXFileReference; explicitFileType = wrapper.cfbundle; includeInIndex = 0; path = myrondomTests.xctest; sourceTree = BUILT_PRODUCTS_DIR; };
		9BCF85E31C11A45200240A51 /* myrondomTests.swift */ = {isa = PBXFileReference; lastKnownFileType = sourcecode.swift; path = myrondomTests.swift; sourceTree = "<group>"; };
		9BCF85E51C11A45200240A51 /* Info.plist */ = {isa = PBXFileReference; lastKnownFileType = text.plist.xml; path = Info.plist; sourceTree = "<group>"; };
		9BCF85EA1C11A45300240A51 /* myrondomUITests.xctest */ = {isa = PBXFileReference; explicitFileType = wrapper.cfbundle; includeInIndex = 0; path = myrondomUITests.xctest; sourceTree = BUILT_PRODUCTS_DIR; };
		9BCF85EE1C11A45300240A51 /* myrondomUITests.swift */ = {isa = PBXFileReference; lastKnownFileType = sourcecode.swift; path = myrondomUITests.swift; sourceTree = "<group>"; };
		9BCF85F01C11A45300240A51 /* Info.plist */ = {isa = PBXFileReference; lastKnownFileType = text.plist.xml; path = Info.plist; sourceTree = "<group>"; };
		9BCF85FC1C11A46B00240A51 /* SwiftRandom.xcodeproj */ = {isa = PBXFileReference; lastKnownFileType = "wrapper.pb-project"; name = SwiftRandom.xcodeproj; path = ../../../../../../../GitHub/SwiftRandom/SwiftRandom.xcodeproj; sourceTree = "<group>"; };
/* End PBXFileReference section */

/* Begin PBXFrameworksBuildPhase section */
		9BCF85C81C11A45200240A51 /* Frameworks */ = {
			isa = PBXFrameworksBuildPhase;
			buildActionMask = 2147483647;
			files = (
				9BCF86021C11A47700240A51 /* SwiftRandom.framework in Frameworks */,
			);
			runOnlyForDeploymentPostprocessing = 0;
		};
		9BCF85DC1C11A45200240A51 /* Frameworks */ = {
			isa = PBXFrameworksBuildPhase;
			buildActionMask = 2147483647;
			files = (
			);
			runOnlyForDeploymentPostprocessing = 0;
		};
		9BCF85E71C11A45300240A51 /* Frameworks */ = {
			isa = PBXFrameworksBuildPhase;
			buildActionMask = 2147483647;
			files = (
			);
			runOnlyForDeploymentPostprocessing = 0;
		};
/* End PBXFrameworksBuildPhase section */

/* Begin PBXGroup section */
		9BCF85C21C11A45200240A51 = {
			isa = PBXGroup;
			children = (
				9BCF85CD1C11A45200240A51 /* myrondom */,
				9BCF85E21C11A45200240A51 /* myrondomTests */,
				9BCF85ED1C11A45300240A51 /* myrondomUITests */,
				9BCF85CC1C11A45200240A51 /* Products */,
				9BCF85FC1C11A46B00240A51 /* SwiftRandom.xcodeproj */,
			);
			sourceTree = "<group>";
		};
		9BCF85CC1C11A45200240A51 /* Products */ = {
			isa = PBXGroup;
			children = (
				9BCF85CB1C11A45200240A51 /* myrondom.app */,
				9BCF85DF1C11A45200240A51 /* myrondomTests.xctest */,
				9BCF85EA1C11A45300240A51 /* myrondomUITests.xctest */,
			);
			name = Products;
			sourceTree = "<group>";
		};
		9BCF85CD1C11A45200240A51 /* myrondom */ = {
			isa = PBXGroup;
			children = (
				9BCF85CE1C11A45200240A51 /* AppDelegate.swift */,
				9BCF85D01C11A45200240A51 /* ViewController.swift */,
				9BCF85D21C11A45200240A51 /* Main.storyboard */,
				9BCF85D51C11A45200240A51 /* Assets.xcassets */,
				9BCF85D71C11A45200240A51 /* LaunchScreen.storyboard */,
				9BCF85DA1C11A45200240A51 /* Info.plist */,
			);
			path = myrondom;
			sourceTree = "<group>";
		};
		9BCF85E21C11A45200240A51 /* myrondomTests */ = {
			isa = PBXGroup;
			children = (
				9BCF85E31C11A45200240A51 /* myrondomTests.swift */,
				9BCF85E51C11A45200240A51 /* Info.plist */,
			);
			path = myrondomTests;
			sourceTree = "<group>";
		};
		9BCF85ED1C11A45300240A51 /* myrondomUITests */ = {
			isa = PBXGroup;
			children = (
				9BCF85EE1C11A45300240A51 /* myrondomUITests.swift */,
				9BCF85F01C11A45300240A51 /* Info.plist */,
			);
			path = myrondomUITests;
			sourceTree = "<group>";
		};
		9BCF85FD1C11A46B00240A51 /* Products */ = {
			isa = PBXGroup;
			children = (
				9BCF86011C11A46B00240A51 /* SwiftRandom.framework */,
			);
			name = Products;
			sourceTree = "<group>";
		};
/* End PBXGroup section */

/* Begin PBXNativeTarget section */
		9BCF85CA1C11A45200240A51 /* myrondom */ = {
			isa = PBXNativeTarget;
			buildConfigurationList = 9BCF85F31C11A45300240A51 /* Build configuration list for PBXNativeTarget "myrondom" */;
			buildPhases = (
				9BCF85C71C11A45200240A51 /* Sources */,
				9BCF85C81C11A45200240A51 /* Frameworks */,
				9BCF85C91C11A45200240A51 /* Resources */,
			);
			buildRules = (
			);
			dependencies = (
			);
			name = myrondom;
			productName = myrondom;
			productReference = 9BCF85CB1C11A45200240A51 /* myrondom.app */;
			productType = "com.apple.product-type.application";
		};
		9BCF85DE1C11A45200240A51 /* myrondomTests */ = {
			isa = PBXNativeTarget;
			buildConfigurationList = 9BCF85F61C11A45300240A51 /* Build configuration list for PBXNativeTarget "myrondomTests" */;
			buildPhases = (
				9BCF85DB1C11A45200240A51 /* Sources */,
				9BCF85DC1C11A45200240A51 /* Frameworks */,
				9BCF85DD1C11A45200240A51 /* Resources */,
			);
			buildRules = (
			);
			dependencies = (
				9BCF85E11C11A45200240A51 /* PBXTargetDependency */,
			);
			name = myrondomTests;
			productName = myrondomTests;
			productReference = 9BCF85DF1C11A45200240A51 /* myrondomTests.xctest */;
			productType = "com.apple.product-type.bundle.unit-test";
		};
		9BCF85E91C11A45300240A51 /* myrondomUITests */ = {
			isa = PBXNativeTarget;
			buildConfigurationList = 9BCF85F91C11A45300240A51 /* Build configuration list for PBXNativeTarget "myrondomUITests" */;
			buildPhases = (
				9BCF85E61C11A45300240A51 /* Sources */,
				9BCF85E71C11A45300240A51 /* Frameworks */,
				9BCF85E81C11A45300240A51 /* Resources */,
			);
			buildRules = (
			);
			dependencies = (
				9BCF85EC1C11A45300240A51 /* PBXTargetDependency */,
			);
			name = myrondomUITests;
			productName = myrondomUITests;
			productReference = 9BCF85EA1C11A45300240A51 /* myrondomUITests.xctest */;
			productType = "com.apple.product-type.bundle.ui-testing";
		};
/* End PBXNativeTarget section */

/* Begin PBXProject section */
		9BCF85C31C11A45200240A51 /* Project object */ = {
			isa = PBXProject;
			attributes = {
				LastSwiftUpdateCheck = 0710;
				LastUpgradeCheck = 0710;
				ORGANIZATIONNAME = " yanglc";
				TargetAttributes = {
					9BCF85CA1C11A45200240A51 = {
						CreatedOnToolsVersion = 7.1.1;
					};
					9BCF85DE1C11A45200240A51 = {
						CreatedOnToolsVersion = 7.1.1;
						TestTargetID = 9BCF85CA1C11A45200240A51;
					};
					9BCF85E91C11A45300240A51 = {
						CreatedOnToolsVersion = 7.1.1;
						TestTargetID = 9BCF85CA1C11A45200240A51;
					};
				};
			};
			buildConfigurationList = 9BCF85C61C11A45200240A51 /* Build configuration list for PBXProject "myrondom" */;
			compatibilityVersion = "Xcode 3.2";
			developmentRegion = English;
			hasScannedForEncodings = 0;
			knownRegions = (
				en,
				Base,
			);
			mainGroup = 9BCF85C21C11A45200240A51;
			productRefGroup = 9BCF85CC1C11A45200240A51 /* Products */;
			projectDirPath = "";
			projectReferences = (
				{
					ProductGroup = 9BCF85FD1C11A46B00240A51 /* Products */;
					ProjectRef = 9BCF85FC1C11A46B00240A51 /* SwiftRandom.xcodeproj */;
				},
			);
			projectRoot = "";
			targets = (
				9BCF85CA1C11A45200240A51 /* myrondom */,
				9BCF85DE1C11A45200240A51 /* myrondomTests */,
				9BCF85E91C11A45300240A51 /* myrondomUITests */,
			);
		};
/* End PBXProject section */

/* Begin PBXReferenceProxy section */
		9BCF86011C11A46B00240A51 /* SwiftRandom.framework */ = {
			isa = PBXReferenceProxy;
			fileType = wrapper.framework;
			path = SwiftRandom.framework;
			remoteRef = 9BCF86001C11A46B00240A51 /* PBXContainerItemProxy */;
			sourceTree = BUILT_PRODUCTS_DIR;
		};
/* End PBXReferenceProxy section */

/* Begin PBXResourcesBuildPhase section */
		9BCF85C91C11A45200240A51 /* Resources */ = {
			isa = PBXResourcesBuildPhase;
			buildActionMask = 2147483647;
			files = (
				9BCF85D91C11A45200240A51 /* LaunchScreen.storyboard in Resources */,
				9BCF85D61C11A45200240A51 /* Assets.xcassets in Resources */,
				9BCF85D41C11A45200240A51 /* Main.storyboard in Resources */,
			);
			runOnlyForDeploymentPostprocessing = 0;
		};
		9BCF85DD1C11A45200240A51 /* Resources */ = {
			isa = PBXResourcesBuildPhase;
			buildActionMask = 2147483647;
			files = (
			);
			runOnlyForDeploymentPostprocessing = 0;
		};
		9BCF85E81C11A45300240A51 /* Resources */ = {
			isa = PBXResourcesBuildPhase;
			buildActionMask = 2147483647;
			files = (
			);
			runOnlyForDeploymentPostprocessing = 0;
		};
/* End PBXResourcesBuildPhase section */

/* Begin PBXSourcesBuildPhase section */
		9BCF85C71C11A45200240A51 /* Sources */ = {
			isa = PBXSourcesBuildPhase;
			buildActionMask = 2147483647;
			files = (
				9BCF85D11C11A45200240A51 /* ViewController.swift in Sources */,
				9BCF85CF1C11A45200240A51 /* AppDelegate.swift in Sources */,
			);
			runOnlyForDeploymentPostprocessing = 0;
		};
		9BCF85DB1C11A45200240A51 /* Sources */ = {
			isa = PBXSourcesBuildPhase;
			buildActionMask = 2147483647;
			files = (
				9BCF85E41C11A45200240A51 /* myrondomTests.swift in Sources */,
			);
			runOnlyForDeploymentPostprocessing = 0;
		};
		9BCF85E61C11A45300240A51 /* Sources */ = {
			isa = PBXSourcesBuildPhase;
			buildActionMask = 2147483647;
			files = (
				9BCF85EF1C11A45300240A51 /* myrondomUITests.swift in Sources */,
			);
			runOnlyForDeploymentPostprocessing = 0;
		};
/* End PBXSourcesBuildPhase section */

/* Begin PBXTargetDependency section */
		9BCF85E11C11A45200240A51 /* PBXTargetDependency */ = {
			isa = PBXTargetDependency;
			target = 9BCF85CA1C11A45200240A51 /* myrondom */;
			targetProxy = 9BCF85E01C11A45200240A51 /* PBXContainerItemProxy */;
		};
		9BCF85EC1C11A45300240A51 /* PBXTargetDependency */ = {
			isa = PBXTargetDependency;
			target = 9BCF85CA1C11A45200240A51 /* myrondom */;
			targetProxy = 9BCF85EB1C11A45300240A51 /* PBXContainerItemProxy */;
		};
/* End PBXTargetDependency section */

/* Begin PBXVariantGroup section */
		9BCF85D21C11A45200240A51 /* Main.storyboard */ = {
			isa = PBXVariantGroup;
			children = (
				9BCF85D31C11A45200240A51 /* Base */,
			);
			name = Main.storyboard;
			sourceTree = "<group>";
		};
		9BCF85D71C11A45200240A51 /* LaunchScreen.storyboard */ = {
			isa = PBXVariantGroup;
			children = (
				9BCF85D81C11A45200240A51 /* Base */,
			);
			name = LaunchScreen.storyboard;
			sourceTree = "<group>";
		};
/* End PBXVariantGroup section */

/* Begin XCBuildConfiguration section */
		9BCF85F11C11A45300240A51 /* Debug */ = {
			isa = XCBuildConfiguration;
			buildSettings = {
				ALWAYS_SEARCH_USER_PATHS = NO;
				CLANG_CXX_LANGUAGE_STANDARD = "gnu++0x";
				CLANG_CXX_LIBRARY = "libc++";
				CLANG_ENABLE_MODULES = YES;
				CLANG_ENABLE_OBJC_ARC = YES;
				CLANG_WARN_BOOL_CONVERSION = YES;
				CLANG_WARN_CONSTANT_CONVERSION = YES;
				CLANG_WARN_DIRECT_OBJC_ISA_USAGE = YES_ERROR;
				CLANG_WARN_EMPTY_BODY = YES;
				CLANG_WARN_ENUM_CONVERSION = YES;
				CLANG_WARN_INT_CONVERSION = YES;
				CLANG_WARN_OBJC_ROOT_CLASS = YES_ERROR;
				CLANG_WARN_UNREACHABLE_CODE = YES;
				CLANG_WARN__DUPLICATE_METHOD_MATCH = YES;
				"CODE_SIGN_IDENTITY[sdk=iphoneos*]" = "iPhone Developer";
				COPY_PHASE_STRIP = NO;
				DEBUG_INFORMATION_FORMAT = dwarf;
				ENABLE_STRICT_OBJC_MSGSEND = YES;
				ENABLE_TESTABILITY = YES;
				GCC_C_LANGUAGE_STANDARD = gnu99;
				GCC_DYNAMIC_NO_PIC = NO;
				GCC_NO_COMMON_BLOCKS = YES;
				GCC_OPTIMIZATION_LEVEL = 0;
				GCC_PREPROCESSOR_DEFINITIONS = (
					"DEBUG=1",
					"$(inherited)",
				);
				GCC_WARN_64_TO_32_BIT_CONVERSION = YES;
				GCC_WARN_ABOUT_RETURN_TYPE = YES_ERROR;
				GCC_WARN_UNDECLARED_SELECTOR = YES;
				GCC_WARN_UNINITIALIZED_AUTOS = YES_AGGRESSIVE;
				GCC_WARN_UNUSED_FUNCTION = YES;
				GCC_WARN_UNUSED_VARIABLE = YES;
				IPHONEOS_DEPLOYMENT_TARGET = 9.1;
				MTL_ENABLE_DEBUG_INFO = YES;
				ONLY_ACTIVE_ARCH = YES;
				SDKROOT = iphoneos;
				SWIFT_OPTIMIZATION_LEVEL = "-Onone";
			};
			name = Debug;
		};
		9BCF85F21C11A45300240A51 /* Release */ = {
			isa = XCBuildConfiguration;
			buildSettings = {
				ALWAYS_SEARCH_USER_PATHS = NO;
				CLANG_CXX_LANGUAGE_STANDARD = "gnu++0x";
				CLANG_CXX_LIBRARY = "libc++";
				CLANG_ENABLE_MODULES = YES;
				CLANG_ENABLE_OBJC_ARC = YES;
				CLANG_WARN_BOOL_CONVERSION = YES;
				CLANG_WARN_CONSTANT_CONVERSION = YES;
				CLANG_WARN_DIRECT_OBJC_ISA_USAGE = YES_ERROR;
				CLANG_WARN_EMPTY_BODY = YES;
				CLANG_WARN_ENUM_CONVERSION = YES;
				CLANG_WARN_INT_CONVERSION = YES;
				CLANG_WARN_OBJC_ROOT_CLASS = YES_ERROR;
				CLANG_WARN_UNREACHABLE_CODE = YES;
				CLANG_WARN__DUPLICATE_METHOD_MATCH = YES;
				"CODE_SIGN_IDENTITY[sdk=iphoneos*]" = "iPhone Developer";
				COPY_PHASE_STRIP = NO;
				DEBUG_INFORMATION_FORMAT = "dwarf-with-dsym";
				ENABLE_NS_ASSERTIONS = NO;
				ENABLE_STRICT_OBJC_MSGSEND = YES;
				GCC_C_LANGUAGE_STANDARD = gnu99;
				GCC_NO_COMMON_BLOCKS = YES;
				GCC_WARN_64_TO_32_BIT_CONVERSION = YES;
				GCC_WARN_ABOUT_RETURN_TYPE = YES_ERROR;
				GCC_WARN_UNDECLARED_SELECTOR = YES;
				GCC_WARN_UNINITIALIZED_AUTOS = YES_AGGRESSIVE;
				GCC_WARN_UNUSED_FUNCTION = YES;
				GCC_WARN_UNUSED_VARIABLE = YES;
				IPHONEOS_DEPLOYMENT_TARGET = 9.1;
				MTL_ENABLE_DEBUG_INFO = NO;
				SDKROOT = iphoneos;
				VALIDATE_PRODUCT = YES;
			};
			name = Release;
		};
		9BCF85F41C11A45300240A51 /* Debug */ = {
			isa = XCBuildConfiguration;
			buildSettings = {
				ASSETCATALOG_COMPILER_APPICON_NAME = AppIcon;
				INFOPLIST_FILE = myrondom/Info.plist;
				LD_RUNPATH_SEARCH_PATHS = "$(inherited) @executable_path/Frameworks";
				PRODUCT_BUNDLE_IDENTIFIER = xxx.com.myrondom;
				PRODUCT_NAME = "$(TARGET_NAME)";
			};
			name = Debug;
		};
		9BCF85F51C11A45300240A51 /* Release */ = {
			isa = XCBuildConfiguration;
			buildSettings = {
				ASSETCATALOG_COMPILER_APPICON_NAME = AppIcon;
				INFOPLIST_FILE = myrondom/Info.plist;
				LD_RUNPATH_SEARCH_PATHS = "$(inherited) @executable_path/Frameworks";
				PRODUCT_BUNDLE_IDENTIFIER = xxx.com.myrondom;
				PRODUCT_NAME = "$(TARGET_NAME)";
			};
			name = Release;
		};
		9BCF85F71C11A45300240A51 /* Debug */ = {
			isa = XCBuildConfiguration;
			buildSettings = {
				BUNDLE_LOADER = "$(TEST_HOST)";
				INFOPLIST_FILE = myrondomTests/Info.plist;
				LD_RUNPATH_SEARCH_PATHS = "$(inherited) @executable_path/Frameworks @loader_path/Frameworks";
				PRODUCT_BUNDLE_IDENTIFIER = xxx.com.myrondomTests;
				PRODUCT_NAME = "$(TARGET_NAME)";
				TEST_HOST = "$(BUILT_PRODUCTS_DIR)/myrondom.app/myrondom";
			};
			name = Debug;
		};
		9BCF85F81C11A45300240A51 /* Release */ = {
			isa = XCBuildConfiguration;
			buildSettings = {
				BUNDLE_LOADER = "$(TEST_HOST)";
				INFOPLIST_FILE = myrondomTests/Info.plist;
				LD_RUNPATH_SEARCH_PATHS = "$(inherited) @executable_path/Frameworks @loader_path/Frameworks";
				PRODUCT_BUNDLE_IDENTIFIER = xxx.com.myrondomTests;
				PRODUCT_NAME = "$(TARGET_NAME)";
				TEST_HOST = "$(BUILT_PRODUCTS_DIR)/myrondom.app/myrondom";
			};
			name = Release;
		};
		9BCF85FA1C11A45300240A51 /* Debug */ = {
			isa = XCBuildConfiguration;
			buildSettings = {
				INFOPLIST_FILE = myrondomUITests/Info.plist;
				LD_RUNPATH_SEARCH_PATHS = "$(inherited) @executable_path/Frameworks @loader_path/Frameworks";
				PRODUCT_BUNDLE_IDENTIFIER = xxx.com.myrondomUITests;
				PRODUCT_NAME = "$(TARGET_NAME)";
				TEST_TARGET_NAME = myrondom;
				USES_XCTRUNNER = YES;
			};
			name = Debug;
		};
		9BCF85FB1C11A45300240A51 /* Release */ = {
			isa = XCBuildConfiguration;
			buildSettings = {
				INFOPLIST_FILE = myrondomUITests/Info.plist;
				LD_RUNPATH_SEARCH_PATHS = "$(inherited) @executable_path/Frameworks @loader_path/Frameworks";
				PRODUCT_BUNDLE_IDENTIFIER = xxx.com.myrondomUITests;
				PRODUCT_NAME = "$(TARGET_NAME)";
				TEST_TARGET_NAME = myrondom;
				USES_XCTRUNNER = YES;
			};
			name = Release;
		};
/* End XCBuildConfiguration section */

/* Begin XCConfigurationList section */
		9BCF85C61C11A45200240A51 /* Build configuration list for PBXProject "myrondom" */ = {
			isa = XCConfigurationList;
			buildConfigurations = (
				9BCF85F11C11A45300240A51 /* Debug */,
				9BCF85F21C11A45300240A51 /* Release */,
			);
			defaultConfigurationIsVisible = 0;
			defaultConfigurationName = Release;
		};
		9BCF85F31C11A45300240A51 /* Build configuration list for PBXNativeTarget "myrondom" */ = {
			isa = XCConfigurationList;
			buildConfigurations = (
				9BCF85F41C11A45300240A51 /* Debug */,
				9BCF85F51C11A45300240A51 /* Release */,
			);
			defaultConfigurationIsVisible = 0;
		};
		9BCF85F61C11A45300240A51 /* Build configuration list for PBXNativeTarget "myrondomTests" */ = {
			isa = XCConfigurationList;
			buildConfigurations = (
				9BCF85F71C11A45300240A51 /* Debug */,
				9BCF85F81C11A45300240A51 /* Release */,
			);
			defaultConfigurationIsVisible = 0;
		};
		9BCF85F91C11A45300240A51 /* Build configuration list for PBXNativeTarget "myrondomUITests" */ = {
			isa = XCConfigurationList;
			buildConfigurations = (
				9BCF85FA1C11A45300240A51 /* Debug */,
				9BCF85FB1C11A45300240A51 /* Release */,
			);
			defaultConfigurationIsVisible = 0;
		};
/* End XCConfigurationList section */
	};
	rootObject = 9BCF85C31C11A45200240A51 /* Project object */;
}
